
Microsoft Visual Studio Solution File, Format Version 12.00
# Visual Studio Version 17
VisualStudioVersion = 17.4.33110.190
MinimumVisualStudioVersion = 10.0.40219.1
Project("{FAE04EC0-301F-11D3-BF4B-00C04F79EFBC}") = "GeoPetWebApi", "GeoPetWebApi\GeoPetWebApi.csproj", "{F703EEEA-1CEB-4E90-8FA1-62A4B0D579FA}"
EndProject
Global
	GlobalSection(SolutionConfigurationPlatforms) = preSolution
		Debug|Any CPU = Debug|Any CPU
		Release|Any CPU = Release|Any CPU
	EndGlobalSection
	GlobalSection(ProjectConfigurationPlatforms) = postSolution
		{F703EEEA-1CEB-4E90-8FA1-62A4B0D579FA}.Debug|Any CPU.ActiveCfg = Debug|Any CPU
		{F703EEEA-1CEB-4E90-8FA1-62A4B0D579FA}.Debug|Any CPU.Build.0 = Debug|Any CPU
		{F703EEEA-1CEB-4E90-8FA1-62A4B0D579FA}.Release|Any CPU.ActiveCfg = Release|Any CPU
		{F703EEEA-1CEB-4E90-8FA1-62A4B0D579FA}.Release|Any CPU.Build.0 = Release|Any CPU
	EndGlobalSection
	GlobalSection(SolutionProperties) = preSolution
		HideSolutionNode = FALSE
	EndGlobalSection
	GlobalSection(ExtensibilityGlobals) = postSolution
		SolutionGuid = {E9B9D66F-1554-484F-BF59-CC518FB06655}
	EndGlobalSection
EndGlobal
